
Microsoft Visual Studio Solution File, Format Version 12.00
# Visual Studio Version 17
VisualStudioVersion = 17.8.34316.72
MinimumVisualStudioVersion = 10.0.40219.1
Project("{FAE04EC0-301F-11D3-BF4B-00C04F79EFBC}") = "RentalManagementFinalProject", "RentalManagementFinalProject\RentalManagementFinalProject.csproj", "{E6F40908-EFBB-4342-8B6C-A5F321CE05AF}"
EndProject
Global
	GlobalSection(SolutionConfigurationPlatforms) = preSolution
		Debug|Any CPU = Debug|Any CPU
		Release|Any CPU = Release|Any CPU
	EndGlobalSection
	GlobalSection(ProjectConfigurationPlatforms) = postSolution
		{E6F40908-EFBB-4342-8B6C-A5F321CE05AF}.Debug|Any CPU.ActiveCfg = Debug|Any CPU
		{E6F40908-EFBB-4342-8B6C-A5F321CE05AF}.Debug|Any CPU.Build.0 = Debug|Any CPU
		{E6F40908-EFBB-4342-8B6C-A5F321CE05AF}.Release|Any CPU.ActiveCfg = Release|Any CPU
		{E6F40908-EFBB-4342-8B6C-A5F321CE05AF}.Release|Any CPU.Build.0 = Release|Any CPU
	EndGlobalSection
	GlobalSection(SolutionProperties) = preSolution
		HideSolutionNode = FALSE
	EndGlobalSection
	GlobalSection(ExtensibilityGlobals) = postSolution
		SolutionGuid = {5F1CEF8F-11A7-453C-AAC7-A760DE3C4981}
	EndGlobalSection
EndGlobal
